
Microsoft Visual Studio Solution File, Format Version 12.00
# Visual Studio Version 17
VisualStudioVersion = 17.0.31903.59
MinimumVisualStudioVersion = 10.0.40219.1
Project("{FAE04EC0-301F-11D3-BF4B-00C04F79EFBC}") = "FirstAttempt", "FirstAttempt\FirstAttempt.csproj", "{A7902E37-847C-420A-9819-8218E7AF8DDE}"
EndProject
Global
	GlobalSection(SolutionConfigurationPlatforms) = preSolution
		Debug|Any CPU = Debug|Any CPU
		Release|Any CPU = Release|Any CPU
	EndGlobalSection
	GlobalSection(ProjectConfigurationPlatforms) = postSolution
		{A7902E37-847C-420A-9819-8218E7AF8DDE}.Debug|Any CPU.ActiveCfg = Debug|Any CPU
		{A7902E37-847C-420A-9819-8218E7AF8DDE}.Debug|Any CPU.Build.0 = Debug|Any CPU
		{A7902E37-847C-420A-9819-8218E7AF8DDE}.Release|Any CPU.ActiveCfg = Release|Any CPU
		{A7902E37-847C-420A-9819-8218E7AF8DDE}.Release|Any CPU.Build.0 = Release|Any CPU
	EndGlobalSection
	GlobalSection(SolutionProperties) = preSolution
		HideSolutionNode = FALSE
	EndGlobalSection
	GlobalSection(ExtensibilityGlobals) = postSolution
		SolutionGuid = {C3638DF8-FA88-4EC7-B2F8-48EB734AE007}
	EndGlobalSection
EndGlobal
